
Microsoft Visual Studio Solution File, Format Version 12.00
# Visual Studio Version 16
VisualStudioVersion = 16.0.29201.188
MinimumVisualStudioVersion = 10.0.40219.1
Project("{FAE04EC0-301F-11D3-BF4B-00C04F79EFBC}") = "Labirintus", "Labirintus\Labirintus.csproj", "{D1C95A3E-A847-4010-B180-EE5776C8B12E}"
EndProject
Global
	GlobalSection(SolutionConfigurationPlatforms) = preSolution
		Debug|Any CPU = Debug|Any CPU
		Release|Any CPU = Release|Any CPU
	EndGlobalSection
	GlobalSection(ProjectConfigurationPlatforms) = postSolution
		{D1C95A3E-A847-4010-B180-EE5776C8B12E}.Debug|Any CPU.ActiveCfg = Debug|Any CPU
		{D1C95A3E-A847-4010-B180-EE5776C8B12E}.Debug|Any CPU.Build.0 = Debug|Any CPU
		{D1C95A3E-A847-4010-B180-EE5776C8B12E}.Release|Any CPU.ActiveCfg = Release|Any CPU
		{D1C95A3E-A847-4010-B180-EE5776C8B12E}.Release|Any CPU.Build.0 = Release|Any CPU
	EndGlobalSection
	GlobalSection(SolutionProperties) = preSolution
		HideSolutionNode = FALSE
	EndGlobalSection
	GlobalSection(ExtensibilityGlobals) = postSolution
		SolutionGuid = {ECBBA907-37A4-4382-A2B3-B3C217680B35}
	EndGlobalSection
EndGlobal
